
Microsoft Visual Studio Solution File, Format Version 12.00
# Visual Studio Version 16
VisualStudioVersion = 16.0.33214.272
MinimumVisualStudioVersion = 10.0.40219.1
Project("{FAE04EC0-301F-11D3-BF4B-00C04F79EFBC}") = "Tarea_1_1", "Tarea_1_1\Tarea_1_1.csproj", "{0E00CC2D-DC4A-4AE7-9987-5765AD550846}"
EndProject
Project("{FAE04EC0-301F-11D3-BF4B-00C04F79EFBC}") = "Tarea_1_2", "Tarea_1_2\Tarea_1_2.csproj", "{BA52AFE9-B072-4235-8C18-27C98036C5D0}"
EndProject
Global
	GlobalSection(SolutionConfigurationPlatforms) = preSolution
		Debug|Any CPU = Debug|Any CPU
		Release|Any CPU = Release|Any CPU
	EndGlobalSection
	GlobalSection(ProjectConfigurationPlatforms) = postSolution
		{0E00CC2D-DC4A-4AE7-9987-5765AD550846}.Debug|Any CPU.ActiveCfg = Debug|Any CPU
		{0E00CC2D-DC4A-4AE7-9987-5765AD550846}.Debug|Any CPU.Build.0 = Debug|Any CPU
		{0E00CC2D-DC4A-4AE7-9987-5765AD550846}.Release|Any CPU.ActiveCfg = Release|Any CPU
		{0E00CC2D-DC4A-4AE7-9987-5765AD550846}.Release|Any CPU.Build.0 = Release|Any CPU
		{BA52AFE9-B072-4235-8C18-27C98036C5D0}.Debug|Any CPU.ActiveCfg = Debug|Any CPU
		{BA52AFE9-B072-4235-8C18-27C98036C5D0}.Debug|Any CPU.Build.0 = Debug|Any CPU
		{BA52AFE9-B072-4235-8C18-27C98036C5D0}.Release|Any CPU.ActiveCfg = Release|Any CPU
		{BA52AFE9-B072-4235-8C18-27C98036C5D0}.Release|Any CPU.Build.0 = Release|Any CPU
	EndGlobalSection
	GlobalSection(SolutionProperties) = preSolution
		HideSolutionNode = FALSE
	EndGlobalSection
	GlobalSection(ExtensibilityGlobals) = postSolution
		SolutionGuid = {AA9F9F67-7C9C-4E4F-802D-F2DBD9A36B10}
	EndGlobalSection
EndGlobal
