
Microsoft Visual Studio Solution File, Format Version 12.00
# Visual Studio Version 16
VisualStudioVersion = 16.0.33214.272
MinimumVisualStudioVersion = 10.0.40219.1
Project("{FAE04EC0-301F-11D3-BF4B-00C04F79EFBC}") = "Tarea_1_1", "Tarea_1_1\Tarea_1_1.csproj", "{0E00CC2D-DC4A-4AE7-9987-5765AD550846}"
EndProject
Project("{FAE04EC0-301F-11D3-BF4B-00C04F79EFBC}") = "Tarea_1_2", "Tarea_1_2\Tarea_1_2.csproj", "{BA52AFE9-B072-4235-8C18-27C98036C5D0}"
EndProject
Project("{FAE04EC0-301F-11D3-BF4B-00C04F79EFBC}") = "Tarea_1_3", "Tarea_1_3\Tarea_1_3.csproj", "{7243FEBE-391E-48A7-9F1B-A4E76A8739E0}"
EndProject
Project("{FAE04EC0-301F-11D3-BF4B-00C04F79EFBC}") = "Tarea_1_4", "Tarea_1_4\Tarea_1_4.csproj", "{682BAB8A-16D5-4D53-A146-49F629BB6D88}"
EndProject
Project("{FAE04EC0-301F-11D3-BF4B-00C04F79EFBC}") = "Tarea_1_5", "Tarea_1_5\Tarea_1_5.csproj", "{0AF1E73B-4DB8-42FA-802A-C9B3F9B37186}"
EndProject
Project("{FAE04EC0-301F-11D3-BF4B-00C04F79EFBC}") = "Tarea_2_1", "Tarea_2_1\Tarea_2_1.csproj", "{AFB0EAA5-66B6-4C45-B2B9-C3CD36D98BCD}"
EndProject
Project("{FAE04EC0-301F-11D3-BF4B-00C04F79EFBC}") = "Tarea_2_2", "Tarea_2_2\Tarea_2_2.csproj", "{9BB0E071-7B1B-4597-83D2-F9CDBBB1F6DE}"
EndProject
Project("{FAE04EC0-301F-11D3-BF4B-00C04F79EFBC}") = "Tarea_2_3", "Tarea_2_3\Tarea_2_3.csproj", "{E57C4B04-2EFF-4125-9E37-9947BF7F2C0C}"
EndProject
Project("{9A19103F-16F7-4668-BE54-9A1E7A4F7556}") = "Tarea_2_4", "Tarea_2_4\Tarea_2_4.csproj", "{7E963ABA-7EC1-4702-A04B-93295E3C584F}"
EndProject
Project("{9A19103F-16F7-4668-BE54-9A1E7A4F7556}") = "Tarea_2_5", "Tarea_2_5\Tarea_2_5.csproj", "{3190D182-984B-4E50-B255-C432BCB88400}"
EndProject
Project("{9A19103F-16F7-4668-BE54-9A1E7A4F7556}") = "Tarea_2_22", "Tarea_2_22\Tarea_2_22.csproj", "{594F95B9-DD7E-4315-BEFC-4A0CE3667E71}"
EndProject
Project("{FAE04EC0-301F-11D3-BF4B-00C04F79EFBC}") = "Tarea_3_1", "Tarea_3_1\Tarea_3_1.csproj", "{84688EE1-3C79-4BD1-A35B-68FC046762CB}"
EndProject
Project("{FAE04EC0-301F-11D3-BF4B-00C04F79EFBC}") = "Tarea_3_2", "Tarea_3_2\Tarea_3_2.csproj", "{E54A7489-3D60-4998-9439-7E913921EA1A}"
EndProject
Project("{FAE04EC0-301F-11D3-BF4B-00C04F79EFBC}") = "Tarea_3_3", "Tarea_3_3\Tarea_3_3.csproj", "{0B868806-C6CE-4790-AEF3-E6E22383B8F7}"
EndProject
Project("{FAE04EC0-301F-11D3-BF4B-00C04F79EFBC}") = "Tarea_3_4", "Tarea_3_4\Tarea_3_4.csproj", "{526A2EEF-DE4A-413F-8BE4-9EE3DD9F1A82}"
EndProject
Project("{FAE04EC0-301F-11D3-BF4B-00C04F79EFBC}") = "Tarea_3_5", "Tarea_3_5\Tarea_3_5.csproj", "{7760C444-384C-4AEF-B3D9-FC704BCE8955}"
EndProject
Project("{FAE04EC0-301F-11D3-BF4B-00C04F79EFBC}") = "Tarea_3_6", "Tarea_3_6\Tarea_3_6.csproj", "{3A1AD9FD-FCA9-4227-8445-23513ED6B80E}"
EndProject
Project("{FAE04EC0-301F-11D3-BF4B-00C04F79EFBC}") = "Tarea_3_7", "Tarea_3_7\Tarea_3_7.csproj", "{AA1451EA-89E1-4313-86FE-111B55F88C53}"
EndProject
Project("{FAE04EC0-301F-11D3-BF4B-00C04F79EFBC}") = "Tarea_3_8", "Tarea_3_8\Tarea_3_8.csproj", "{249EBEBD-1B55-43CF-802A-B935D0AFAAC4}"
EndProject
Project("{FAE04EC0-301F-11D3-BF4B-00C04F79EFBC}") = "Tarea_3_9_2_1", "Tarea_3_9-2_1\Tarea_3_9_2_1.csproj", "{52D5D4F4-D125-4ACF-BB07-8F372615B07C}"
EndProject
Project("{FAE04EC0-301F-11D3-BF4B-00C04F79EFBC}") = "Tarea_3_9_2_2", "Tarea_3_9_2_2\Tarea_3_9_2_2.csproj", "{A46BFAD2-E816-4C29-9CFA-AB59A016FA44}"
EndProject
Project("{FAE04EC0-301F-11D3-BF4B-00C04F79EFBC}") = "Tarea_3_9_2_3", "Tarea_3_9_2_3\Tarea_3_9_2_3.csproj", "{4802AA52-913D-4788-B1EB-538ABA0A32C9}"
EndProject
Project("{FAE04EC0-301F-11D3-BF4B-00C04F79EFBC}") = "Tarea_3_9_2_4", "Tarea_3_9_2_4\Tarea_3_9_2_4.csproj", "{F3F09C86-4C17-478A-BC75-A7C8811372B0}"
EndProject
Project("{FAE04EC0-301F-11D3-BF4B-00C04F79EFBC}") = "Tarea_3_9_2_5", "Tarea_3_9_2_5\Tarea_3_9_2_5.csproj", "{35C672F9-DA04-44E0-A87C-CC17D00D81BA}"
EndProject
Project("{FAE04EC0-301F-11D3-BF4B-00C04F79EFBC}") = "Tarea_4_2", "Tarea_4_2\Tarea_4_2.csproj", "{882A4008-21F4-455B-B2A8-C2F748CED0AC}"
EndProject
Project("{FAE04EC0-301F-11D3-BF4B-00C04F79EFBC}") = "Tarea_4_3", "Tarea_4_3\Tarea_4_3.csproj", "{D099AD18-E98A-4EA0-81EA-75E26DE9AB72}"
EndProject
Project("{FAE04EC0-301F-11D3-BF4B-00C04F79EFBC}") = "Tarea_4_1", "Tarea_4_1\Tarea_4_1.csproj", "{60B07B79-2FC7-4CE9-9A81-9850782047FB}"
EndProject
Project("{FAE04EC0-301F-11D3-BF4B-00C04F79EFBC}") = "Tarea_5_1", "Tarea_5_1\Tarea_5_1.csproj", "{BFC32187-8363-4FA3-BE86-B840A6D4CA78}"
EndProject
Project("{FAE04EC0-301F-11D3-BF4B-00C04F79EFBC}") = "Tarea_5_2", "Tarea_5_2\Tarea_5_2.csproj", "{9A040A6B-9D21-44B2-888E-B7B5E7C030B3}"
EndProject
Project("{FAE04EC0-301F-11D3-BF4B-00C04F79EFBC}") = "Tarea_5_3", "Tarea_5_3\Tarea_5_3.csproj", "{0E77EDC7-4A5E-46A0-A2CF-2F10851D3E1F}"
EndProject
Project("{FAE04EC0-301F-11D3-BF4B-00C04F79EFBC}") = "Tarea_5_4", "Tarea_5_4\Tarea_5_4.csproj", "{F7654601-C3FD-4B53-8B9E-9BA9145A07CD}"
EndProject
Project("{FAE04EC0-301F-11D3-BF4B-00C04F79EFBC}") = "Tarea_0_0", "Tarea_0_0\Tarea_0_0.csproj", "{5C3B27AB-505E-489A-BD64-C4BB2EC3FFE7}"
EndProject
Global
	GlobalSection(SolutionConfigurationPlatforms) = preSolution
		Debug|Any CPU = Debug|Any CPU
		Release|Any CPU = Release|Any CPU
	EndGlobalSection
	GlobalSection(ProjectConfigurationPlatforms) = postSolution
		{0E00CC2D-DC4A-4AE7-9987-5765AD550846}.Debug|Any CPU.ActiveCfg = Debug|Any CPU
		{0E00CC2D-DC4A-4AE7-9987-5765AD550846}.Debug|Any CPU.Build.0 = Debug|Any CPU
		{0E00CC2D-DC4A-4AE7-9987-5765AD550846}.Release|Any CPU.ActiveCfg = Release|Any CPU
		{0E00CC2D-DC4A-4AE7-9987-5765AD550846}.Release|Any CPU.Build.0 = Release|Any CPU
		{BA52AFE9-B072-4235-8C18-27C98036C5D0}.Debug|Any CPU.ActiveCfg = Debug|Any CPU
		{BA52AFE9-B072-4235-8C18-27C98036C5D0}.Debug|Any CPU.Build.0 = Debug|Any CPU
		{BA52AFE9-B072-4235-8C18-27C98036C5D0}.Release|Any CPU.ActiveCfg = Release|Any CPU
		{BA52AFE9-B072-4235-8C18-27C98036C5D0}.Release|Any CPU.Build.0 = Release|Any CPU
		{7243FEBE-391E-48A7-9F1B-A4E76A8739E0}.Debug|Any CPU.ActiveCfg = Debug|Any CPU
		{7243FEBE-391E-48A7-9F1B-A4E76A8739E0}.Debug|Any CPU.Build.0 = Debug|Any CPU
		{7243FEBE-391E-48A7-9F1B-A4E76A8739E0}.Release|Any CPU.ActiveCfg = Release|Any CPU
		{7243FEBE-391E-48A7-9F1B-A4E76A8739E0}.Release|Any CPU.Build.0 = Release|Any CPU
		{682BAB8A-16D5-4D53-A146-49F629BB6D88}.Debug|Any CPU.ActiveCfg = Debug|Any CPU
		{682BAB8A-16D5-4D53-A146-49F629BB6D88}.Debug|Any CPU.Build.0 = Debug|Any CPU
		{682BAB8A-16D5-4D53-A146-49F629BB6D88}.Release|Any CPU.ActiveCfg = Release|Any CPU
		{682BAB8A-16D5-4D53-A146-49F629BB6D88}.Release|Any CPU.Build.0 = Release|Any CPU
		{0AF1E73B-4DB8-42FA-802A-C9B3F9B37186}.Debug|Any CPU.ActiveCfg = Debug|Any CPU
		{0AF1E73B-4DB8-42FA-802A-C9B3F9B37186}.Debug|Any CPU.Build.0 = Debug|Any CPU
		{0AF1E73B-4DB8-42FA-802A-C9B3F9B37186}.Release|Any CPU.ActiveCfg = Release|Any CPU
		{0AF1E73B-4DB8-42FA-802A-C9B3F9B37186}.Release|Any CPU.Build.0 = Release|Any CPU
		{AFB0EAA5-66B6-4C45-B2B9-C3CD36D98BCD}.Debug|Any CPU.ActiveCfg = Debug|Any CPU
		{AFB0EAA5-66B6-4C45-B2B9-C3CD36D98BCD}.Debug|Any CPU.Build.0 = Debug|Any CPU
		{AFB0EAA5-66B6-4C45-B2B9-C3CD36D98BCD}.Release|Any CPU.ActiveCfg = Release|Any CPU
		{AFB0EAA5-66B6-4C45-B2B9-C3CD36D98BCD}.Release|Any CPU.Build.0 = Release|Any CPU
		{9BB0E071-7B1B-4597-83D2-F9CDBBB1F6DE}.Debug|Any CPU.ActiveCfg = Debug|Any CPU
		{9BB0E071-7B1B-4597-83D2-F9CDBBB1F6DE}.Debug|Any CPU.Build.0 = Debug|Any CPU
		{9BB0E071-7B1B-4597-83D2-F9CDBBB1F6DE}.Release|Any CPU.ActiveCfg = Release|Any CPU
		{9BB0E071-7B1B-4597-83D2-F9CDBBB1F6DE}.Release|Any CPU.Build.0 = Release|Any CPU
		{E57C4B04-2EFF-4125-9E37-9947BF7F2C0C}.Debug|Any CPU.ActiveCfg = Debug|Any CPU
		{E57C4B04-2EFF-4125-9E37-9947BF7F2C0C}.Debug|Any CPU.Build.0 = Debug|Any CPU
		{E57C4B04-2EFF-4125-9E37-9947BF7F2C0C}.Release|Any CPU.ActiveCfg = Release|Any CPU
		{E57C4B04-2EFF-4125-9E37-9947BF7F2C0C}.Release|Any CPU.Build.0 = Release|Any CPU
		{7E963ABA-7EC1-4702-A04B-93295E3C584F}.Debug|Any CPU.ActiveCfg = Debug|Any CPU
		{7E963ABA-7EC1-4702-A04B-93295E3C584F}.Debug|Any CPU.Build.0 = Debug|Any CPU
		{7E963ABA-7EC1-4702-A04B-93295E3C584F}.Release|Any CPU.ActiveCfg = Release|Any CPU
		{7E963ABA-7EC1-4702-A04B-93295E3C584F}.Release|Any CPU.Build.0 = Release|Any CPU
		{3190D182-984B-4E50-B255-C432BCB88400}.Debug|Any CPU.ActiveCfg = Debug|Any CPU
		{3190D182-984B-4E50-B255-C432BCB88400}.Debug|Any CPU.Build.0 = Debug|Any CPU
		{3190D182-984B-4E50-B255-C432BCB88400}.Release|Any CPU.ActiveCfg = Release|Any CPU
		{3190D182-984B-4E50-B255-C432BCB88400}.Release|Any CPU.Build.0 = Release|Any CPU
		{594F95B9-DD7E-4315-BEFC-4A0CE3667E71}.Debug|Any CPU.ActiveCfg = Debug|Any CPU
		{594F95B9-DD7E-4315-BEFC-4A0CE3667E71}.Debug|Any CPU.Build.0 = Debug|Any CPU
		{594F95B9-DD7E-4315-BEFC-4A0CE3667E71}.Release|Any CPU.ActiveCfg = Release|Any CPU
		{594F95B9-DD7E-4315-BEFC-4A0CE3667E71}.Release|Any CPU.Build.0 = Release|Any CPU
		{84688EE1-3C79-4BD1-A35B-68FC046762CB}.Debug|Any CPU.ActiveCfg = Debug|Any CPU
		{84688EE1-3C79-4BD1-A35B-68FC046762CB}.Debug|Any CPU.Build.0 = Debug|Any CPU
		{84688EE1-3C79-4BD1-A35B-68FC046762CB}.Release|Any CPU.ActiveCfg = Release|Any CPU
		{84688EE1-3C79-4BD1-A35B-68FC046762CB}.Release|Any CPU.Build.0 = Release|Any CPU
		{E54A7489-3D60-4998-9439-7E913921EA1A}.Debug|Any CPU.ActiveCfg = Debug|Any CPU
		{E54A7489-3D60-4998-9439-7E913921EA1A}.Debug|Any CPU.Build.0 = Debug|Any CPU
		{E54A7489-3D60-4998-9439-7E913921EA1A}.Release|Any CPU.ActiveCfg = Release|Any CPU
		{E54A7489-3D60-4998-9439-7E913921EA1A}.Release|Any CPU.Build.0 = Release|Any CPU
		{0B868806-C6CE-4790-AEF3-E6E22383B8F7}.Debug|Any CPU.ActiveCfg = Debug|Any CPU
		{0B868806-C6CE-4790-AEF3-E6E22383B8F7}.Debug|Any CPU.Build.0 = Debug|Any CPU
		{0B868806-C6CE-4790-AEF3-E6E22383B8F7}.Release|Any CPU.ActiveCfg = Release|Any CPU
		{0B868806-C6CE-4790-AEF3-E6E22383B8F7}.Release|Any CPU.Build.0 = Release|Any CPU
		{526A2EEF-DE4A-413F-8BE4-9EE3DD9F1A82}.Debug|Any CPU.ActiveCfg = Debug|Any CPU
		{526A2EEF-DE4A-413F-8BE4-9EE3DD9F1A82}.Debug|Any CPU.Build.0 = Debug|Any CPU
		{526A2EEF-DE4A-413F-8BE4-9EE3DD9F1A82}.Release|Any CPU.ActiveCfg = Release|Any CPU
		{526A2EEF-DE4A-413F-8BE4-9EE3DD9F1A82}.Release|Any CPU.Build.0 = Release|Any CPU
		{7760C444-384C-4AEF-B3D9-FC704BCE8955}.Debug|Any CPU.ActiveCfg = Debug|Any CPU
		{7760C444-384C-4AEF-B3D9-FC704BCE8955}.Debug|Any CPU.Build.0 = Debug|Any CPU
		{7760C444-384C-4AEF-B3D9-FC704BCE8955}.Release|Any CPU.ActiveCfg = Release|Any CPU
		{7760C444-384C-4AEF-B3D9-FC704BCE8955}.Release|Any CPU.Build.0 = Release|Any CPU
		{3A1AD9FD-FCA9-4227-8445-23513ED6B80E}.Debug|Any CPU.ActiveCfg = Debug|Any CPU
		{3A1AD9FD-FCA9-4227-8445-23513ED6B80E}.Debug|Any CPU.Build.0 = Debug|Any CPU
		{3A1AD9FD-FCA9-4227-8445-23513ED6B80E}.Release|Any CPU.ActiveCfg = Release|Any CPU
		{3A1AD9FD-FCA9-4227-8445-23513ED6B80E}.Release|Any CPU.Build.0 = Release|Any CPU
		{AA1451EA-89E1-4313-86FE-111B55F88C53}.Debug|Any CPU.ActiveCfg = Debug|Any CPU
		{AA1451EA-89E1-4313-86FE-111B55F88C53}.Debug|Any CPU.Build.0 = Debug|Any CPU
		{AA1451EA-89E1-4313-86FE-111B55F88C53}.Release|Any CPU.ActiveCfg = Release|Any CPU
		{AA1451EA-89E1-4313-86FE-111B55F88C53}.Release|Any CPU.Build.0 = Release|Any CPU
		{249EBEBD-1B55-43CF-802A-B935D0AFAAC4}.Debug|Any CPU.ActiveCfg = Debug|Any CPU
		{249EBEBD-1B55-43CF-802A-B935D0AFAAC4}.Debug|Any CPU.Build.0 = Debug|Any CPU
		{249EBEBD-1B55-43CF-802A-B935D0AFAAC4}.Release|Any CPU.ActiveCfg = Release|Any CPU
		{249EBEBD-1B55-43CF-802A-B935D0AFAAC4}.Release|Any CPU.Build.0 = Release|Any CPU
		{52D5D4F4-D125-4ACF-BB07-8F372615B07C}.Debug|Any CPU.ActiveCfg = Debug|Any CPU
		{52D5D4F4-D125-4ACF-BB07-8F372615B07C}.Debug|Any CPU.Build.0 = Debug|Any CPU
		{52D5D4F4-D125-4ACF-BB07-8F372615B07C}.Release|Any CPU.ActiveCfg = Release|Any CPU
		{52D5D4F4-D125-4ACF-BB07-8F372615B07C}.Release|Any CPU.Build.0 = Release|Any CPU
		{A46BFAD2-E816-4C29-9CFA-AB59A016FA44}.Debug|Any CPU.ActiveCfg = Debug|Any CPU
		{A46BFAD2-E816-4C29-9CFA-AB59A016FA44}.Debug|Any CPU.Build.0 = Debug|Any CPU
		{A46BFAD2-E816-4C29-9CFA-AB59A016FA44}.Release|Any CPU.ActiveCfg = Release|Any CPU
		{A46BFAD2-E816-4C29-9CFA-AB59A016FA44}.Release|Any CPU.Build.0 = Release|Any CPU
		{4802AA52-913D-4788-B1EB-538ABA0A32C9}.Debug|Any CPU.ActiveCfg = Debug|Any CPU
		{4802AA52-913D-4788-B1EB-538ABA0A32C9}.Debug|Any CPU.Build.0 = Debug|Any CPU
		{4802AA52-913D-4788-B1EB-538ABA0A32C9}.Release|Any CPU.ActiveCfg = Release|Any CPU
		{4802AA52-913D-4788-B1EB-538ABA0A32C9}.Release|Any CPU.Build.0 = Release|Any CPU
		{F3F09C86-4C17-478A-BC75-A7C8811372B0}.Debug|Any CPU.ActiveCfg = Debug|Any CPU
		{F3F09C86-4C17-478A-BC75-A7C8811372B0}.Debug|Any CPU.Build.0 = Debug|Any CPU
		{F3F09C86-4C17-478A-BC75-A7C8811372B0}.Release|Any CPU.ActiveCfg = Release|Any CPU
		{F3F09C86-4C17-478A-BC75-A7C8811372B0}.Release|Any CPU.Build.0 = Release|Any CPU
		{35C672F9-DA04-44E0-A87C-CC17D00D81BA}.Debug|Any CPU.ActiveCfg = Debug|Any CPU
		{35C672F9-DA04-44E0-A87C-CC17D00D81BA}.Debug|Any CPU.Build.0 = Debug|Any CPU
		{35C672F9-DA04-44E0-A87C-CC17D00D81BA}.Release|Any CPU.ActiveCfg = Release|Any CPU
		{35C672F9-DA04-44E0-A87C-CC17D00D81BA}.Release|Any CPU.Build.0 = Release|Any CPU
		{882A4008-21F4-455B-B2A8-C2F748CED0AC}.Debug|Any CPU.ActiveCfg = Debug|Any CPU
		{882A4008-21F4-455B-B2A8-C2F748CED0AC}.Debug|Any CPU.Build.0 = Debug|Any CPU
		{882A4008-21F4-455B-B2A8-C2F748CED0AC}.Release|Any CPU.ActiveCfg = Release|Any CPU
		{882A4008-21F4-455B-B2A8-C2F748CED0AC}.Release|Any CPU.Build.0 = Release|Any CPU
		{D099AD18-E98A-4EA0-81EA-75E26DE9AB72}.Debug|Any CPU.ActiveCfg = Debug|Any CPU
		{D099AD18-E98A-4EA0-81EA-75E26DE9AB72}.Debug|Any CPU.Build.0 = Debug|Any CPU
		{D099AD18-E98A-4EA0-81EA-75E26DE9AB72}.Release|Any CPU.ActiveCfg = Release|Any CPU
		{D099AD18-E98A-4EA0-81EA-75E26DE9AB72}.Release|Any CPU.Build.0 = Release|Any CPU
		{60B07B79-2FC7-4CE9-9A81-9850782047FB}.Debug|Any CPU.ActiveCfg = Debug|Any CPU
		{60B07B79-2FC7-4CE9-9A81-9850782047FB}.Debug|Any CPU.Build.0 = Debug|Any CPU
		{60B07B79-2FC7-4CE9-9A81-9850782047FB}.Release|Any CPU.ActiveCfg = Release|Any CPU
		{60B07B79-2FC7-4CE9-9A81-9850782047FB}.Release|Any CPU.Build.0 = Release|Any CPU
		{BFC32187-8363-4FA3-BE86-B840A6D4CA78}.Debug|Any CPU.ActiveCfg = Debug|Any CPU
		{BFC32187-8363-4FA3-BE86-B840A6D4CA78}.Debug|Any CPU.Build.0 = Debug|Any CPU
		{BFC32187-8363-4FA3-BE86-B840A6D4CA78}.Release|Any CPU.ActiveCfg = Release|Any CPU
		{BFC32187-8363-4FA3-BE86-B840A6D4CA78}.Release|Any CPU.Build.0 = Release|Any CPU
		{9A040A6B-9D21-44B2-888E-B7B5E7C030B3}.Debug|Any CPU.ActiveCfg = Debug|Any CPU
		{9A040A6B-9D21-44B2-888E-B7B5E7C030B3}.Debug|Any CPU.Build.0 = Debug|Any CPU
		{9A040A6B-9D21-44B2-888E-B7B5E7C030B3}.Release|Any CPU.ActiveCfg = Release|Any CPU
		{9A040A6B-9D21-44B2-888E-B7B5E7C030B3}.Release|Any CPU.Build.0 = Release|Any CPU
		{0E77EDC7-4A5E-46A0-A2CF-2F10851D3E1F}.Debug|Any CPU.ActiveCfg = Debug|Any CPU
		{0E77EDC7-4A5E-46A0-A2CF-2F10851D3E1F}.Debug|Any CPU.Build.0 = Debug|Any CPU
		{0E77EDC7-4A5E-46A0-A2CF-2F10851D3E1F}.Release|Any CPU.ActiveCfg = Release|Any CPU
		{0E77EDC7-4A5E-46A0-A2CF-2F10851D3E1F}.Release|Any CPU.Build.0 = Release|Any CPU
		{F7654601-C3FD-4B53-8B9E-9BA9145A07CD}.Debug|Any CPU.ActiveCfg = Debug|Any CPU
		{F7654601-C3FD-4B53-8B9E-9BA9145A07CD}.Debug|Any CPU.Build.0 = Debug|Any CPU
		{F7654601-C3FD-4B53-8B9E-9BA9145A07CD}.Release|Any CPU.ActiveCfg = Release|Any CPU
		{F7654601-C3FD-4B53-8B9E-9BA9145A07CD}.Release|Any CPU.Build.0 = Release|Any CPU
		{5C3B27AB-505E-489A-BD64-C4BB2EC3FFE7}.Debug|Any CPU.ActiveCfg = Debug|Any CPU
		{5C3B27AB-505E-489A-BD64-C4BB2EC3FFE7}.Debug|Any CPU.Build.0 = Debug|Any CPU
		{5C3B27AB-505E-489A-BD64-C4BB2EC3FFE7}.Release|Any CPU.ActiveCfg = Release|Any CPU
		{5C3B27AB-505E-489A-BD64-C4BB2EC3FFE7}.Release|Any CPU.Build.0 = Release|Any CPU
	EndGlobalSection
	GlobalSection(SolutionProperties) = preSolution
		HideSolutionNode = FALSE
	EndGlobalSection
	GlobalSection(ExtensibilityGlobals) = postSolution
		SolutionGuid = {AA9F9F67-7C9C-4E4F-802D-F2DBD9A36B10}
	EndGlobalSection
EndGlobal
